
Microsoft Visual Studio Solution File, Format Version 12.00
# Visual Studio Version 17
VisualStudioVersion = 17.11.35327.3
MinimumVisualStudioVersion = 10.0.40219.1
Project("{8BC9CEB8-8B4A-11D0-8D11-00A0C91BC942}") = "horse-2.0", "horse-2.0.vcxproj", "{20DB6904-2F36-4C2B-9224-310895E60724}"
EndProject
Global
	GlobalSection(SolutionConfigurationPlatforms) = preSolution
		Debug|x64 = Debug|x64
		Debug|x86 = Debug|x86
		Release|x64 = Release|x64
		Release|x86 = Release|x86
	EndGlobalSection
	GlobalSection(ProjectConfigurationPlatforms) = postSolution
		{20DB6904-2F36-4C2B-9224-310895E60724}.Debug|x64.ActiveCfg = Debug|x64
		{20DB6904-2F36-4C2B-9224-310895E60724}.Debug|x64.Build.0 = Debug|x64
		{20DB6904-2F36-4C2B-9224-310895E60724}.Debug|x86.ActiveCfg = Debug|Win32
		{20DB6904-2F36-4C2B-9224-310895E60724}.Debug|x86.Build.0 = Debug|Win32
		{20DB6904-2F36-4C2B-9224-310895E60724}.Release|x64.ActiveCfg = Release|x64
		{20DB6904-2F36-4C2B-9224-310895E60724}.Release|x64.Build.0 = Release|x64
		{20DB6904-2F36-4C2B-9224-310895E60724}.Release|x86.ActiveCfg = Release|Win32
		{20DB6904-2F36-4C2B-9224-310895E60724}.Release|x86.Build.0 = Release|Win32
	EndGlobalSection
	GlobalSection(SolutionProperties) = preSolution
		HideSolutionNode = FALSE
	EndGlobalSection
	GlobalSection(ExtensibilityGlobals) = postSolution
		SolutionGuid = {8A4863CD-FB56-4BED-8EDA-AC6199C29136}
	EndGlobalSection
EndGlobal
